# THIS IS AN AUTOGENERATED FILE. DO NOT EDIT THIS FILE DIRECTLY.
# yarn lockfile v1


dotenv@^17.0.1:
  version "17.0.1"
  resolved "https://registry.yarnpkg.com/dotenv/-/dotenv-17.0.1.tgz#79bc4d232fadb42a4092685ff1206d31b2a43f95"
  integrity sha512-GLjkduuAL7IMJg/ZnOPm9AnWKJ82mSE2tzXLaJ/6hD6DhwGfZaXG77oB8qbReyiczNxnbxQKyh0OE5mXq0bAHA==

openai@^5.8.2:
  version "5.8.2"
  resolved "https://registry.yarnpkg.com/openai/-/openai-5.8.2.tgz#b12f968618deb87f6231b35a21b590d0b529d70b"
  integrity sha512-8C+nzoHYgyYOXhHGN6r0fcb4SznuEn1R7YZMvlqDbnCuE0FM2mm3T1HiYW6WIcMS/F1Of2up/cSPjLPaWt0X9Q==
